lockfileVersion: '9.0'

settings:
  autoInstallPeers: true
  excludeLinksFromLockfile: false

importers:

  .:
    devDependencies:
      pnpm:
        specifier: ^9.10.0
        version: 9.10.0

packages:

  pnpm@9.10.0:
    resolution: {integrity: sha512-c6Ka+jag0JLs5Scd5Rd+y/gxjUVOzXATQxMbjrwMGpHEh9pGq3fI5ZbWrPFGHjWUztS+zt+JIbB0+9hlPtcFHA==}
    engines: {node: '>=18.12'}
    hasBin: true

snapshots:

  pnpm@9.10.0: {}
