lockfileVersion: '9.0'

settings:
  autoInstallPeers: true
  excludeLinksFromLockfile: false

importers:

  .:
    devDependencies:
      pnpm:
        specifier: ^9.11.0
        version: 9.12.0

packages:

  pnpm@9.12.0:
    resolution: {integrity: sha512-Sr9yUITXvLr71yi/x77mHy95H5d/2HVCs1edyyNQTRcNRjN5ReTGZIXNEtWIoMDlcO2cR358zdhQfPBfP5Lqyg==}
    engines: {node: '>=18.12'}
    hasBin: true

snapshots:

  pnpm@9.12.0: {}
