lockfileVersion: '9.0'

settings:
  autoInstallPeers: true
  excludeLinksFromLockfile: false

importers:

  .:
    devDependencies:
      pnpm:
        specifier: ^9.7.0
        version: 9.7.0

packages:

  pnpm@9.7.0:
    resolution: {integrity: sha512-3AlDAVa0J/Xs/HmIiJnhw50taQ8AS+cOBSMLcssXPZaDlYdUXQlCm1WsPEKcgBtNw8DgAvZTgwpCD6LdTjz5zw==}
    engines: {node: '>=18.12'}
    hasBin: true

snapshots:

  pnpm@9.7.0: {}
